{
  "nodes": {
    "himmelblau": {
      "inputs": {
        "nixpkgs": [
          "nixpkgs"
        ]
      },
      "locked": {
        "lastModified": 1768854600,
        "narHash": "sha256-ZMfFqh6kzx0syKR7kN2MrM5F5W1FierlouTEgI8mbzY=",
        "owner": "iLikeToCode",
        "repo": "himmelblau",
        "rev": "149e45fe76ba78b5259d0e4c1d4c2dc6ec30cb64",
        "type": "github"
      },
      "original": {
        "owner": "iLikeToCode",
        "ref": "oidc_fix",
        "repo": "himmelblau",
        "type": "github"
      }
    },
    "home-manager": {
      "inputs": {
        "nixpkgs": [
          "nixpkgs"
        ]
      },
      "locked": {
        "lastModified": 1768836546,
        "narHash": "sha256-nJZkTamcXXMW+SMYiGFB6lB8l0aJw0xjssfN8xYd/Fs=",
        "owner": "nix-community",
        "repo": "home-manager",
        "rev": "b56c5ad14fcf8b5bc887463552483bf000ca562a",
        "type": "github"
      },
      "original": {
        "owner": "nix-community",
        "repo": "home-manager",
        "type": "github"
      }
    },
    "nixpkgs": {
      "locked": {
        "lastModified": 1768621446,
        "narHash": "sha256-6YwHV1cjv6arXdF/PQc365h1j+Qje3Pydk501Rm4Q+4=",
        "owner": "NixOS",
        "repo": "nixpkgs",
        "rev": "72ac591e737060deab2b86d6952babd1f896d7c5",
        "type": "github"
      },
      "original": {
        "owner": "NixOS",
        "ref": "nixos-25.11",
        "repo": "nixpkgs",
        "type": "github"
      }
    },
    "root": {
      "inputs": {
        "himmelblau": "himmelblau",
        "home-manager": "home-manager",
        "nixpkgs": "nixpkgs"
      }
    }
  },
  "root": "root",
  "version": 7
}
