# This file is generated by running "yarn install" inside your project.
# Manual changes might be lost - proceed with caution!

__metadata:
  version: 8
  cacheKey: 10c0

"@octokit/openapi-types@npm:^22.2.0":
  version: 22.2.0
  resolution: "@octokit/openapi-types@npm:22.2.0"
  checksum: 10c0/a45bfc735611e836df0729f5922bbd5811d401052b972d1e3bc1278a2d2403e00f4552ce9d1f2793f77f167d212da559c5cb9f1b02c935114ad6d898779546ee
  languageName: node
  linkType: hard

"@octokit/openapi-webhooks-types@npm:8.3.0":
  version: 8.3.0
  resolution: "@octokit/openapi-webhooks-types@npm:8.3.0"
  checksum: 10c0/ac964f75c07e3a52a1ad74797a4dc33b1b68bc05d9dbd45817a50e517c1a6bf16e7bce2d660874a035e9755e61d68786b12ce1ec78f81ac6d5dad97e94742f77
  languageName: node
  linkType: hard

"@octokit/request-error@npm:^6.0.1":
  version: 6.1.5
  resolution: "@octokit/request-error@npm:6.1.5"
  dependencies:
    "@octokit/types": "npm:^13.0.0"
  checksum: 10c0/37afef6c072d987ddf50b3438bcc974741a22ee7f788172876f92b5228ed43f5c4c1556a1d73153508d6c8d3a3d2344c7fefb6cde8678c7f63c2115b8629c49b
  languageName: node
  linkType: hard

"@octokit/types@npm:^13.0.0":
  version: 13.6.1
  resolution: "@octokit/types@npm:13.6.1"
  dependencies:
    "@octokit/openapi-types": "npm:^22.2.0"
  checksum: 10c0/891334b5786ba6aef953384cec05d53e05132dd577c0c22db124d55eaa69609362d1e3147853b46e91bf226e046ba24d615c55214c8f8f4e7c3a5c38429b38e9
  languageName: node
  linkType: hard

"@octokit/webhooks-methods@npm:^5.0.0":
  version: 5.1.0
  resolution: "@octokit/webhooks-methods@npm:5.1.0"
  checksum: 10c0/8f59f960c44ed9bdecd0f4a71ec6a50d490e9b46aa588887df8a69b15722262ce4cc02f0c1915cc145b452fd5b1e38e4b4ab0fb1d92e151308da550a7dfc1f6a
  languageName: node
  linkType: hard

"@octokit/webhooks@npm:^13.3.0":
  version: 13.3.0
  resolution: "@octokit/webhooks@npm:13.3.0"
  dependencies:
    "@octokit/openapi-webhooks-types": "npm:8.3.0"
    "@octokit/request-error": "npm:^6.0.1"
    "@octokit/webhooks-methods": "npm:^5.0.0"
  checksum: 10c0/54759e770bc5ffee22df160c26190090a687a7a1cd98bfcff4b95b2a6cd2df0e65e3f6fdc9ea79dd08a351cd8f3e0c44aa628f7ae2c81e889e573752b31e83ec
  languageName: node
  linkType: hard

"@sapphire/ts-config@npm:5.0.1":
  version: 5.0.1
  resolution: "@sapphire/ts-config@npm:5.0.1"
  dependencies:
    tslib: "npm:^2.6.2"
    typescript: "npm:^5.4.2"
  checksum: 10c0/ebaadc2481b418c44eae5e121316ee8b7dab1f97e774f3488fc79be18aeaba3b01f6c897c61aa49bf7581a0b02e7c1ff7683d31e63aa285b0ffa66eb651a8007
  languageName: node
  linkType: hard

"@types/node@npm:*, @types/node@npm:^22.9.0":
  version: 22.9.0
  resolution: "@types/node@npm:22.9.0"
  dependencies:
    undici-types: "npm:~6.19.8"
  checksum: 10c0/3f46cbe0a49bab4ba30494025e4c8a6e699b98ac922857aa1f0209ce11a1313ee46e6808b8f13fe5b8b960a9d7796b77c8d542ad4e9810e85ef897d5593b5d51
  languageName: node
  linkType: hard

"@types/ws@npm:^8.5.13":
  version: 8.5.13
  resolution: "@types/ws@npm:8.5.13"
  dependencies:
    "@types/node": "npm:*"
  checksum: 10c0/a5430aa479bde588e69cb9175518d72f9338b6999e3b2ae16fc03d3bdcff8347e486dc031e4ed14601260463c07e1f9a0d7511dfc653712b047c439c680b0b34
  languageName: node
  linkType: hard

"colorette@npm:^2.0.20":
  version: 2.0.20
  resolution: "colorette@npm:2.0.20"
  checksum: 10c0/e94116ff33b0ff56f3b83b9ace895e5bf87c2a7a47b3401b8c3f3226e050d5ef76cf4072fb3325f9dc24d1698f9b730baf4e05eeaf861d74a1883073f4c98a40
  languageName: node
  linkType: hard

"tslib@npm:^2.6.2":
  version: 2.6.3
  resolution: "tslib@npm:2.6.3"
  checksum: 10c0/2598aef53d9dbe711af75522464b2104724d6467b26a60f2bdac8297d2b5f1f6b86a71f61717384aa8fd897240467aaa7bcc36a0700a0faf751293d1331db39a
  languageName: node
  linkType: hard

"typescript@npm:5.5.2":
  version: 5.5.2
  resolution: "typescript@npm:5.5.2"
  bin:
    tsc: bin/tsc
    tsserver: bin/tsserver
  checksum: 10c0/8ca39b27b5f9bd7f32db795045933ab5247897660627251e8254180b792a395bf061ea7231947d5d7ffa5cb4cc771970fd4ef543275f9b559f08c9325cccfce3
  languageName: node
  linkType: hard

"typescript@npm:^5.4.2":
  version: 5.5.4
  resolution: "typescript@npm:5.5.4"
  bin:
    tsc: bin/tsc
    tsserver: bin/tsserver
  checksum: 10c0/422be60f89e661eab29ac488c974b6cc0a660fb2228003b297c3d10c32c90f3bcffc1009b43876a082515a3c376b1eefcce823d6e78982e6878408b9a923199c
  languageName: node
  linkType: hard

"typescript@patch:typescript@npm%3A5.5.2#optional!builtin<compat/typescript>":
  version: 5.5.2
  resolution: "typescript@patch:typescript@npm%3A5.5.2#optional!builtin<compat/typescript>::version=5.5.2&hash=379a07"
  bin:
    tsc: bin/tsc
    tsserver: bin/tsserver
  checksum: 10c0/a7b7ede75dc7fc32a76d0d0af6b91f5fbd8620890d84c906f663d8783bf3de6d7bd50f0430b8bb55eac88a38934af847ff709e7156e5138b95ae94cbd5f73e5b
  languageName: node
  linkType: hard

"typescript@patch:typescript@npm%3A^5.4.2#optional!builtin<compat/typescript>":
  version: 5.5.4
  resolution: "typescript@patch:typescript@npm%3A5.5.4#optional!builtin<compat/typescript>::version=5.5.4&hash=379a07"
  bin:
    tsc: bin/tsc
    tsserver: bin/tsserver
  checksum: 10c0/73409d7b9196a5a1217b3aaad929bf76294d3ce7d6e9766dd880ece296ee91cf7d7db6b16c6c6c630ee5096eccde726c0ef17c7dfa52b01a243e57ae1f09ef07
  languageName: node
  linkType: hard

"undici-types@npm:~6.19.8":
  version: 6.19.8
  resolution: "undici-types@npm:6.19.8"
  checksum: 10c0/078afa5990fba110f6824823ace86073b4638f1d5112ee26e790155f481f2a868cc3e0615505b6f4282bdf74a3d8caad715fd809e870c2bb0704e3ea6082f344
  languageName: node
  linkType: hard

"updatetool-server@workspace:.":
  version: 0.0.0-use.local
  resolution: "updatetool-server@workspace:."
  dependencies:
    "@octokit/webhooks": "npm:^13.3.0"
    "@sapphire/ts-config": "npm:5.0.1"
    "@types/node": "npm:^22.9.0"
    "@types/ws": "npm:^8.5.13"
    colorette: "npm:^2.0.20"
    typescript: "npm:5.5.2"
    ws: "npm:^8.18.0"
  languageName: unknown
  linkType: soft

"ws@npm:^8.18.0":
  version: 8.18.0
  resolution: "ws@npm:8.18.0"
  peerDependencies:
    bufferutil: ^4.0.1
    utf-8-validate: ">=5.0.2"
  peerDependenciesMeta:
    bufferutil:
      optional: true
    utf-8-validate:
      optional: true
  checksum: 10c0/25eb33aff17edcb90721ed6b0eb250976328533ad3cd1a28a274bd263682e7296a6591ff1436d6cbc50fa67463158b062f9d1122013b361cec99a05f84680e06
  languageName: node
  linkType: hard
